PODS:
  - CarbonKit (2.3.1)
  - DVAppCore (0.9.1):
    - DVAppCore/Categories (= 0.9.1)
    - DVAppCore/Controllers (= 0.9.1)
    - DVAppCore/Helpers (= 0.9.1)
    - DVAppCore/Models (= 0.9.1)
    - DVAppCore/Templates (= 0.9.1)
    - DVAppCore/Views (= 0.9.1)
  - DVAppCore/Categories (0.9.1):
    - DVAppCore/Categories/NS (= 0.9.1)
    - DVAppCore/Categories/UI (= 0.9.1)
  - DVAppCore/Categories/NS (0.9.1)
  - DVAppCore/Categories/UI (0.9.1)
  - DVAppCore/Controllers (0.9.1):
    - DVAppCore/Categories
  - DVAppCore/Helpers (0.9.1):
    - DVAppCore/Helpers/Contacts (= 0.9.1)
    - DVAppCore/Helpers/DataKeeper (= 0.9.1)
    - DVAppCore/Helpers/Design (= 0.9.1)
    - DVAppCore/Helpers/ImagePicker (= 0.9.1)
    - DVAppCore/Helpers/KeyboardListener (= 0.9.1)
    - DVAppCore/Helpers/Localization (= 0.9.1)
    - DVAppCore/Helpers/Location (= 0.9.1)
    - DVAppCore/Helpers/Logging (= 0.9.1)
    - DVAppCore/Helpers/Operation (= 0.9.1)
    - DVAppCore/Helpers/Router (= 0.9.1)
    - DVAppCore/Models
    - DVAppCore/Views
  - DVAppCore/Helpers/Contacts (0.9.1):
    - DVAppCore/Models
    - DVAppCore/Views
  - DVAppCore/Helpers/DataKeeper (0.9.1):
    - DVAppCore/Models
    - DVAppCore/Views
  - DVAppCore/Helpers/Design (0.9.1):
    - DVAppCore/Models
    - DVAppCore/Views
  - DVAppCore/Helpers/ImagePicker (0.9.1):
    - DVAppCore/Models
    - DVAppCore/Views
  - DVAppCore/Helpers/KeyboardListener (0.9.1):
    - DVAppCore/Models
    - DVAppCore/Views
  - DVAppCore/Helpers/Localization (0.9.1):
    - DVAppCore/Models
    - DVAppCore/Views
  - DVAppCore/Helpers/Location (0.9.1):
    - DVAppCore/Models
    - DVAppCore/Views
  - DVAppCore/Helpers/Logging (0.9.1):
    - DVAppCore/Models
    - DVAppCore/Views
  - DVAppCore/Helpers/Operation (0.9.1):
    - DVAppCore/Models
    - DVAppCore/Views
  - DVAppCore/Helpers/Router (0.9.1):
    - DVAppCore/Models
    - DVAppCore/Views
  - DVAppCore/Models (0.9.1):
    - DVAppCore/Categories
  - DVAppCore/Templates (0.9.1):
    - DVAppCore/Helpers
    - DVAppCore/Templates/Extended (= 0.9.1)
    - DVAppCore/Templates/Router (= 0.9.1)
  - DVAppCore/Templates/Extended (0.9.1):
    - DVAppCore/Helpers
  - DVAppCore/Templates/Router (0.9.1):
    - DVAppCore/Helpers
  - DVAppCore/Views (0.9.1):
    - DVAppCore/Views/Describable (= 0.9.1)
    - DVAppCore/Views/LayoutConstraintHairline (= 0.9.1)
  - DVAppCore/Views/Describable (0.9.1):
    - DVAppCore/Views/Describable/DesignableView (= 0.9.1)
    - DVAppCore/Views/Describable/Models (= 0.9.1)
    - DVAppCore/Views/Describable/Protocols (= 0.9.1)
  - DVAppCore/Views/Describable/DesignableView (0.9.1)
  - DVAppCore/Views/Describable/Models (0.9.1)
  - DVAppCore/Views/Describable/Protocols (0.9.1)
  - DVAppCore/Views/LayoutConstraintHairline (0.9.1)
  - DVHtmlToModels (0.1.4)
  - hpple (0.3.0)
  - SDWebImage (5.13.4):
    - SDWebImage/Core (= 5.13.4)
  - SDWebImage/Core (5.13.4)
  - SwiftLint (0.49.1)

DEPENDENCIES:
  - CarbonKit
  - DVAppCore (from `https://github.com/michail-lazarau/DVAppCore.git`)
  - DVHtmlToModels (from `https://github.com/denis-vashkovski/DVHtmlToModels.git`)
  - hpple (from `https://github.com/topfunky/hpple.git`)
  - SDWebImage
  - SwiftLint

SPEC REPOS:
  https://github.com/CocoaPods/Specs.git:
    - CarbonKit
    - SDWebImage
    - SwiftLint

EXTERNAL SOURCES:
  DVAppCore:
    :git: https://github.com/michail-lazarau/DVAppCore.git
  DVHtmlToModels:
    :git: https://github.com/denis-vashkovski/DVHtmlToModels.git
  hpple:
    :git: https://github.com/topfunky/hpple.git

CHECKOUT OPTIONS:
  DVAppCore:
    :commit: 547f80bfbf9d1bf6b566267e415ef74b48e2cf15
    :git: https://github.com/michail-lazarau/DVAppCore.git
  DVHtmlToModels:
    :commit: 58ffad35dccbd0646a4d6c715310faf81524f75b
    :git: https://github.com/denis-vashkovski/DVHtmlToModels.git
  hpple:
    :commit: ba66fa9d4a116d758f470cb664c31eb3e14909c9
    :git: https://github.com/topfunky/hpple.git

SPEC CHECKSUMS:
  CarbonKit: b60e24dbdb47179990d5e074efa87ab819c8de98
  DVAppCore: fc1bad763b32c720aa171252a132459801e19c79
  DVHtmlToModels: ce76fe6b54409937e9529d9218d693a9a0a60002
  hpple: 37ac0a804d0f8a7f488712b5ff5f06129e1c9e31
  SDWebImage: e5cc87bf736e60f49592f307bdf9e157189298a3
  SwiftLint: 32ee33ded0636d0905ef6911b2b67bbaeeedafa5

PODFILE CHECKSUM: 1659616db4dfeca4cc660fedc3f6632bfaacb2ea

COCOAPODS: 1.11.3
