PODS:
  - DVAppCore (0.9.1):
    - DVAppCore/Categories (= 0.9.1)
    - DVAppCore/Controllers (= 0.9.1)
    - DVAppCore/Helpers (= 0.9.1)
    - DVAppCore/Models (= 0.9.1)
    - DVAppCore/Templates (= 0.9.1)
    - DVAppCore/Views (= 0.9.1)
  - DVAppCore/Categories (0.9.1):
    - DVAppCore/Categories/NS (= 0.9.1)
    - DVAppCore/Categories/UI (= 0.9.1)
  - DVAppCore/Categories/NS (0.9.1)
  - DVAppCore/Categories/UI (0.9.1)
  - DVAppCore/Controllers (0.9.1):
    - DVAppCore/Categories
  - DVAppCore/Helpers (0.9.1):
    - DVAppCore/Helpers/Contacts (= 0.9.1)
    - DVAppCore/Helpers/DataKeeper (= 0.9.1)
    - DVAppCore/Helpers/Design (= 0.9.1)
    - DVAppCore/Helpers/ImagePicker (= 0.9.1)
    - DVAppCore/Helpers/KeyboardListener (= 0.9.1)
    - DVAppCore/Helpers/Localization (= 0.9.1)
    - DVAppCore/Helpers/Location (= 0.9.1)
    - DVAppCore/Helpers/Logging (= 0.9.1)
    - DVAppCore/Helpers/Operation (= 0.9.1)
    - DVAppCore/Helpers/Router (= 0.9.1)
    - DVAppCore/Models
    - DVAppCore/Views
  - DVAppCore/Helpers/Contacts (0.9.1):
    - DVAppCore/Models
    - DVAppCore/Views
  - DVAppCore/Helpers/DataKeeper (0.9.1):
    - DVAppCore/Models
    - DVAppCore/Views
  - DVAppCore/Helpers/Design (0.9.1):
    - DVAppCore/Models
    - DVAppCore/Views
  - DVAppCore/Helpers/ImagePicker (0.9.1):
    - DVAppCore/Models
    - DVAppCore/Views
  - DVAppCore/Helpers/KeyboardListener (0.9.1):
    - DVAppCore/Models
    - DVAppCore/Views
  - DVAppCore/Helpers/Localization (0.9.1):
    - DVAppCore/Models
    - DVAppCore/Views
  - DVAppCore/Helpers/Location (0.9.1):
    - DVAppCore/Models
    - DVAppCore/Views
  - DVAppCore/Helpers/Logging (0.9.1):
    - DVAppCore/Models
    - DVAppCore/Views
  - DVAppCore/Helpers/Operation (0.9.1):
    - DVAppCore/Models
    - DVAppCore/Views
  - DVAppCore/Helpers/Router (0.9.1):
    - DVAppCore/Models
    - DVAppCore/Views
  - DVAppCore/Models (0.9.1):
    - DVAppCore/Categories
  - DVAppCore/Templates (0.9.1):
    - DVAppCore/Helpers
    - DVAppCore/Templates/Extended (= 0.9.1)
    - DVAppCore/Templates/Router (= 0.9.1)
  - DVAppCore/Templates/Extended (0.9.1):
    - DVAppCore/Helpers
  - DVAppCore/Templates/Router (0.9.1):
    - DVAppCore/Helpers
  - DVAppCore/Views (0.9.1):
    - DVAppCore/Views/Describable (= 0.9.1)
    - DVAppCore/Views/LayoutConstraintHairline (= 0.9.1)
  - DVAppCore/Views/Describable (0.9.1):
    - DVAppCore/Views/Describable/DesignableView (= 0.9.1)
    - DVAppCore/Views/Describable/Models (= 0.9.1)
    - DVAppCore/Views/Describable/Protocols (= 0.9.1)
  - DVAppCore/Views/Describable/DesignableView (0.9.1)
  - DVAppCore/Views/Describable/Models (0.9.1)
  - DVAppCore/Views/Describable/Protocols (0.9.1)
  - DVAppCore/Views/LayoutConstraintHairline (0.9.1)
  - DVHtmlToModels (0.1.4)
  - hpple (0.3.0)

DEPENDENCIES:
  - DVAppCore (from `https://github.com/denis-vashkovski/DVAppCore.git`)
  - DVHtmlToModels (from `https://github.com/denis-vashkovski/DVHtmlToModels.git`)
  - hpple (from `https://github.com/topfunky/hpple.git`)

EXTERNAL SOURCES:
  DVAppCore:
    :git: https://github.com/denis-vashkovski/DVAppCore.git
  DVHtmlToModels:
    :git: https://github.com/denis-vashkovski/DVHtmlToModels.git
  hpple:
    :git: https://github.com/topfunky/hpple.git

CHECKOUT OPTIONS:
  DVAppCore:
    :commit: b9bb8c900c75d5a9b1ac3061922d1f0c8a22cfc0
    :git: https://github.com/denis-vashkovski/DVAppCore.git
  DVHtmlToModels:
    :commit: 58ffad35dccbd0646a4d6c715310faf81524f75b
    :git: https://github.com/denis-vashkovski/DVHtmlToModels.git
  hpple:
    :commit: ba66fa9d4a116d758f470cb664c31eb3e14909c9
    :git: https://github.com/topfunky/hpple.git

SPEC CHECKSUMS:
  DVAppCore: fc1bad763b32c720aa171252a132459801e19c79
  DVHtmlToModels: ce76fe6b54409937e9529d9218d693a9a0a60002
  hpple: 37ac0a804d0f8a7f488712b5ff5f06129e1c9e31

PODFILE CHECKSUM: 018066645b262f58665c2e261db17d3539372ad2

COCOAPODS: 1.11.2
