// !$*UTF8*$!
{
	archiveVersion = 1;
	classes = {
	};
	objectVersion = 54;
	objects = {

/* Begin PBXBuildFile section */
		3D98C67E47BE7F88D437EA48 /* libPods-lostfilm.a in Frameworks */ = {isa = PBXBuildFile; fileRef = 2CE4501E7766887B5B246ECA /* libPods-lostfilm.a */; };
		F711A4432745A84A00E1515D /* GetSeriesDetailsContext.plist in Resources */ = {isa = PBXBuildFile; fileRef = F711A4362745A84900E1515D /* GetSeriesDetailsContext.plist */; };
		F711A4442745A84A00E1515D /* GetNewsListContext.plist in Resources */ = {isa = PBXBuildFile; fileRef = F711A4372745A84900E1515D /* GetNewsListContext.plist */; };
		F711A4452745A84A00E1515D /* GetSeriesNewsListContext.plist in Resources */ = {isa = PBXBuildFile; fileRef = F711A4382745A84900E1515D /* GetSeriesNewsListContext.plist */; };
		F711A4462745A84A00E1515D /* GetTimetableContext.plist in Resources */ = {isa = PBXBuildFile; fileRef = F711A4392745A84900E1515D /* GetTimetableContext.plist */; };
		F711A4472745A84A00E1515D /* GetSeriesListContext.plist in Resources */ = {isa = PBXBuildFile; fileRef = F711A43A2745A84900E1515D /* GetSeriesListContext.plist */; };
		F711A4482745A84A00E1515D /* GetSeriesVideoListContext.plist in Resources */ = {isa = PBXBuildFile; fileRef = F711A43B2745A84900E1515D /* GetSeriesVideoListContext.plist */; };
		F711A4492745A84A00E1515D /* GetNewEpisodeListContext.plist in Resources */ = {isa = PBXBuildFile; fileRef = F711A43C2745A84900E1515D /* GetNewEpisodeListContext.plist */; };
		F711A44A2745A84A00E1515D /* GetSeriesCastContext.plist in Resources */ = {isa = PBXBuildFile; fileRef = F711A43D2745A84A00E1515D /* GetSeriesCastContext.plist */; };
		F711A44B2745A84A00E1515D /* GetNewsDetailsContext.plist in Resources */ = {isa = PBXBuildFile; fileRef = F711A43E2745A84A00E1515D /* GetNewsDetailsContext.plist */; };
		F711A44C2745A84A00E1515D /* GetSeriesPhotoListContext.plist in Resources */ = {isa = PBXBuildFile; fileRef = F711A43F2745A84A00E1515D /* GetSeriesPhotoListContext.plist */; };
		F711A44D2745A84A00E1515D /* GetSeriesListsFilterContext.plist in Resources */ = {isa = PBXBuildFile; fileRef = F711A4402745A84A00E1515D /* GetSeriesListsFilterContext.plist */; };
		F711A44E2745A84A00E1515D /* GetSeriesGuideContext.plist in Resources */ = {isa = PBXBuildFile; fileRef = F711A4412745A84A00E1515D /* GetSeriesGuideContext.plist */; };
		F711A44F2745A84A00E1515D /* GetVideoListContext.plist in Resources */ = {isa = PBXBuildFile; fileRef = F711A4422745A84A00E1515D /* GetVideoListContext.plist */; };
		F711A4BC2745A94E00E1515D /* LFApiSeries.m in Sources */ = {isa = PBXBuildFile; fileRef = F711A4AF2745A94E00E1515D /* LFApiSeries.m */; };
		F711A4BD2745A94E00E1515D /* LFApiHelper.m in Sources */ = {isa = PBXBuildFile; fileRef = F711A4B02745A94E00E1515D /* LFApiHelper.m */; };
		F711A4BE2745A94E00E1515D /* LFApiVideos.m in Sources */ = {isa = PBXBuildFile; fileRef = F711A4B32745A94E00E1515D /* LFApiVideos.m */; };
		F711A4BF2745A94E00E1515D /* LFApiNews.m in Sources */ = {isa = PBXBuildFile; fileRef = F711A4B72745A94E00E1515D /* LFApiNews.m */; };
		F711A4C02745A94E00E1515D /* LFApiBase.m in Sources */ = {isa = PBXBuildFile; fileRef = F711A4BB2745A94E00E1515D /* LFApiBase.m */; };
		F73459DA2765F98B00E45725 /* TemplateTableViewController.swift in Sources */ = {isa = PBXBuildFile; fileRef = F73459D92765F98B00E45725 /* TemplateTableViewController.swift */; };
		F73459DC276610F000E45725 /* CellConfigurable.swift in Sources */ = {isa = PBXBuildFile; fileRef = F73459DB276610F000E45725 /* CellConfigurable.swift */; };
		F73459E0276647ED00E45725 /* TemplateDataController.swift in Sources */ = {isa = PBXBuildFile; fileRef = F73459DF276647ED00E45725 /* TemplateDataController.swift */; };
		F73459E227664D6400E45725 /* DataModelQueryable.swift in Sources */ = {isa = PBXBuildFile; fileRef = F73459E127664D6400E45725 /* DataModelQueryable.swift */; };
		F7355EED2772414200B42B0F /* NewEpisodeViewCell.swift in Sources */ = {isa = PBXBuildFile; fileRef = F7355EEC2772414200B42B0F /* NewEpisodeViewCell.swift */; };
		F7355EF02772523C00B42B0F /* Util.swift in Sources */ = {isa = PBXBuildFile; fileRef = F7355EEF2772523C00B42B0F /* Util.swift */; };
		F7355EF22772571200B42B0F /* NewEpisodesDataController.swift in Sources */ = {isa = PBXBuildFile; fileRef = F7355EF12772571200B42B0F /* NewEpisodesDataController.swift */; };
		F7355EF42772584E00B42B0F /* NewEpisodesTableViewController.swift in Sources */ = {isa = PBXBuildFile; fileRef = F7355EF32772584E00B42B0F /* NewEpisodesTableViewController.swift */; };
		F73CEF5727494FD40011AE04 /* TVSeriesTableViewController.swift in Sources */ = {isa = PBXBuildFile; fileRef = F73CEF5627494FD40011AE04 /* TVSeriesTableViewController.swift */; };
		F7551D29274D88CF00E1748E /* SeriesViewCell.swift in Sources */ = {isa = PBXBuildFile; fileRef = F7551D28274D88CF00E1748E /* SeriesViewCell.swift */; };
		F76D9CD727691CC2008D8CA4 /* NewsTableViewController.swift in Sources */ = {isa = PBXBuildFile; fileRef = F76D9CD627691CC2008D8CA4 /* NewsTableViewController.swift */; };
		F76D9CDA27691D12008D8CA4 /* NewsViewCell.swift in Sources */ = {isa = PBXBuildFile; fileRef = F76D9CD827691D12008D8CA4 /* NewsViewCell.swift */; };
		F76D9CDB27691D12008D8CA4 /* NewsViewCell.xib in Resources */ = {isa = PBXBuildFile; fileRef = F76D9CD927691D12008D8CA4 /* NewsViewCell.xib */; };
		F77300D62773BB0B007FF03B /* ScheduleDataController.swift in Sources */ = {isa = PBXBuildFile; fileRef = F77300D52773BB0A007FF03B /* ScheduleDataController.swift */; };
		F7839836274017840025A6B5 /* Localizable.strings in Resources */ = {isa = PBXBuildFile; fileRef = F7839838274017840025A6B5 /* Localizable.strings */; };
		F7997CCA276DF70700DFCC19 /* NewsDataController.swift in Sources */ = {isa = PBXBuildFile; fileRef = F7997CC9276DF70700DFCC19 /* NewsDataController.swift */; };
		F7997CCE276F933000DFCC19 /* VideosTableViewController.swift in Sources */ = {isa = PBXBuildFile; fileRef = F7997CCD276F933000DFCC19 /* VideosTableViewController.swift */; };
		F7997CD0276F93BA00DFCC19 /* VideoViewCell.swift in Sources */ = {isa = PBXBuildFile; fileRef = F7997CCF276F93BA00DFCC19 /* VideoViewCell.swift */; };
		F7997CD2276FBAE700DFCC19 /* VideosDataController.swift in Sources */ = {isa = PBXBuildFile; fileRef = F7997CD1276FBAE700DFCC19 /* VideosDataController.swift */; };
		F79C972A2746CCA3001BD5F8 /* LFSeriesFilterBaseModel.m in Sources */ = {isa = PBXBuildFile; fileRef = F79C97062746CCA3001BD5F8 /* LFSeriesFilterBaseModel.m */; };
		F79C972B2746CCA3001BD5F8 /* LFSeriesFilterModel.m in Sources */ = {isa = PBXBuildFile; fileRef = F79C97092746CCA3001BD5F8 /* LFSeriesFilterModel.m */; };
		F79C972C2746CCA3001BD5F8 /* LFSeriesModel.m in Sources */ = {isa = PBXBuildFile; fileRef = F79C970A2746CCA3001BD5F8 /* LFSeriesModel.m */; };
		F79C972D2746CCA3001BD5F8 /* LFPersonModel.m in Sources */ = {isa = PBXBuildFile; fileRef = F79C970B2746CCA3001BD5F8 /* LFPersonModel.m */; };
		F79C972E2746CCA3001BD5F8 /* LFEpisodeModel.m in Sources */ = {isa = PBXBuildFile; fileRef = F79C970C2746CCA3001BD5F8 /* LFEpisodeModel.m */; };
		F79C972F2746CCA3001BD5F8 /* LFSeasonModel.m in Sources */ = {isa = PBXBuildFile; fileRef = F79C970E2746CCA3001BD5F8 /* LFSeasonModel.m */; };
		F79C97302746CCA3001BD5F8 /* LFVideoModel.m in Sources */ = {isa = PBXBuildFile; fileRef = F79C97102746CCA3001BD5F8 /* LFVideoModel.m */; };
		F79C97312746CCA3001BD5F8 /* LFAttributedTextContentItemModel.m in Sources */ = {isa = PBXBuildFile; fileRef = F79C97152746CCA3001BD5F8 /* LFAttributedTextContentItemModel.m */; };
		F79C97322746CCA3001BD5F8 /* LFContentModel.m in Sources */ = {isa = PBXBuildFile; fileRef = F79C97162746CCA3001BD5F8 /* LFContentModel.m */; };
		F79C97332746CCA3001BD5F8 /* LFContentItemModel.m in Sources */ = {isa = PBXBuildFile; fileRef = F79C97182746CCA3001BD5F8 /* LFContentItemModel.m */; };
		F79C97342746CCA3001BD5F8 /* LFVideoContentItemModel.m in Sources */ = {isa = PBXBuildFile; fileRef = F79C971A2746CCA3001BD5F8 /* LFVideoContentItemModel.m */; };
		F79C97352746CCA3001BD5F8 /* LFLinkContentItemModel.m in Sources */ = {isa = PBXBuildFile; fileRef = F79C971B2746CCA3001BD5F8 /* LFLinkContentItemModel.m */; };
		F79C97362746CCA3001BD5F8 /* LFTextContentItemModel.m in Sources */ = {isa = PBXBuildFile; fileRef = F79C971E2746CCA3001BD5F8 /* LFTextContentItemModel.m */; };
		F79C97372746CCA3001BD5F8 /* LFPhotoListContentItemModel.m in Sources */ = {isa = PBXBuildFile; fileRef = F79C971F2746CCA3001BD5F8 /* LFPhotoListContentItemModel.m */; };
		F79C97382746CCA3001BD5F8 /* LFNewsModel.m in Sources */ = {isa = PBXBuildFile; fileRef = F79C97232746CCA3001BD5F8 /* LFNewsModel.m */; };
		F79C97392746CCA3001BD5F8 /* LFPhotoModel.m in Sources */ = {isa = PBXBuildFile; fileRef = F79C97252746CCA3001BD5F8 /* LFPhotoModel.m */; };
		F79C973A2746CCA3001BD5F8 /* LFJsonObject.m in Sources */ = {isa = PBXBuildFile; fileRef = F79C97282746CCA3001BD5F8 /* LFJsonObject.m */; };
		F7AEE46D273FEB7900C304D0 /* AppDelegate.swift in Sources */ = {isa = PBXBuildFile; fileRef = F7AEE46C273FEB7900C304D0 /* AppDelegate.swift */; };
		F7AEE46F273FEB7900C304D0 /* SceneDelegate.swift in Sources */ = {isa = PBXBuildFile; fileRef = F7AEE46E273FEB7900C304D0 /* SceneDelegate.swift */; };
		F7AEE479273FEB7A00C304D0 /* LaunchScreen.storyboard in Resources */ = {isa = PBXBuildFile; fileRef = F7AEE477273FEB7A00C304D0 /* LaunchScreen.storyboard */; };
		F7AEE482273FF32400C304D0 /* TabBarRootController.swift in Sources */ = {isa = PBXBuildFile; fileRef = F7AEE481273FF32400C304D0 /* TabBarRootController.swift */; };
		F7B2DB90274A82250099CF29 /* TVSeriesDataController.swift in Sources */ = {isa = PBXBuildFile; fileRef = F7B2DB8F274A82250099CF29 /* TVSeriesDataController.swift */; };
		F7B2DB96274AA3E60099CF29 /* LFApplicationHelper.swift in Sources */ = {isa = PBXBuildFile; fileRef = F7B2DB95274AA3E60099CF29 /* LFApplicationHelper.swift */; };
		F7C4EE842753E222006B5961 /* NSURLRequest+LF.m in Sources */ = {isa = PBXBuildFile; fileRef = F7C4EE822753E222006B5961 /* NSURLRequest+LF.m */; };
		F7EC8A9C2754B567005C6D81 /* DataControllerDelegate.swift in Sources */ = {isa = PBXBuildFile; fileRef = F7EC8A9B2754B567005C6D81 /* DataControllerDelegate.swift */; };
		F7EF678E2747DB3600A2A8DD /* NSError+LF.m in Sources */ = {isa = PBXBuildFile; fileRef = F7EF678D2747DB3600A2A8DD /* NSError+LF.m */; };
		F7EF67922747E41F00A2A8DD /* NSDictionary+LF.m in Sources */ = {isa = PBXBuildFile; fileRef = F7EF67912747E41F00A2A8DD /* NSDictionary+LF.m */; };
/* End PBXBuildFile section */

/* Begin PBXFileReference section */
		2CE4501E7766887B5B246ECA /* libPods-lostfilm.a */ = {isa = PBXFileReference; explicitFileType = archive.ar; includeInIndex = 0; path = "libPods-lostfilm.a"; sourceTree = BUILT_PRODUCTS_DIR; };
		6A4D4B45EEE09A9874051CB0 /* Pods-lostfilm.release.xcconfig */ = {isa = PBXFileReference; includeInIndex = 1; lastKnownFileType = text.xcconfig; name = "Pods-lostfilm.release.xcconfig"; path = "Target Support Files/Pods-lostfilm/Pods-lostfilm.release.xcconfig"; sourceTree = "<group>"; };
		D1F890FFE45D1767EFFAFC18 /* Pods-lostfilm.debug.xcconfig */ = {isa = PBXFileReference; includeInIndex = 1; lastKnownFileType = text.xcconfig; name = "Pods-lostfilm.debug.xcconfig"; path = "Target Support Files/Pods-lostfilm/Pods-lostfilm.debug.xcconfig"; sourceTree = "<group>"; };
		F711A41927459AF300E1515D /* lostfilm-Bridging-Header.h */ = {isa = PBXFileReference; lastKnownFileType = sourcecode.c.h; path = "lostfilm-Bridging-Header.h"; sourceTree = "<group>"; };
		F711A4362745A84900E1515D /* GetSeriesDetailsContext.plist */ = {isa = PBXFileReference; fileEncoding = 4; lastKnownFileType = text.plist.xml; path = GetSeriesDetailsContext.plist; sourceTree = "<group>"; };
		F711A4372745A84900E1515D /* GetNewsListContext.plist */ = {isa = PBXFileReference; fileEncoding = 4; lastKnownFileType = text.plist.xml; path = GetNewsListContext.plist; sourceTree = "<group>"; };
		F711A4382745A84900E1515D /* GetSeriesNewsListContext.plist */ = {isa = PBXFileReference; fileEncoding = 4; lastKnownFileType = text.plist.xml; path = GetSeriesNewsListContext.plist; sourceTree = "<group>"; };
		F711A4392745A84900E1515D /* GetTimetableContext.plist */ = {isa = PBXFileReference; fileEncoding = 4; lastKnownFileType = text.plist.xml; path = GetTimetableContext.plist; sourceTree = "<group>"; };
		F711A43A2745A84900E1515D /* GetSeriesListContext.plist */ = {isa = PBXFileReference; fileEncoding = 4; lastKnownFileType = text.plist.xml; path = GetSeriesListContext.plist; sourceTree = "<group>"; };
		F711A43B2745A84900E1515D /* GetSeriesVideoListContext.plist */ = {isa = PBXFileReference; fileEncoding = 4; lastKnownFileType = text.plist.xml; path = GetSeriesVideoListContext.plist; sourceTree = "<group>"; };
		F711A43C2745A84900E1515D /* GetNewEpisodeListContext.plist */ = {isa = PBXFileReference; fileEncoding = 4; lastKnownFileType = text.plist.xml; path = GetNewEpisodeListContext.plist; sourceTree = "<group>"; };
		F711A43D2745A84A00E1515D /* GetSeriesCastContext.plist */ = {isa = PBXFileReference; fileEncoding = 4; lastKnownFileType = text.plist.xml; path = GetSeriesCastContext.plist; sourceTree = "<group>"; };
		F711A43E2745A84A00E1515D /* GetNewsDetailsContext.plist */ = {isa = PBXFileReference; fileEncoding = 4; lastKnownFileType = text.plist.xml; path = GetNewsDetailsContext.plist; sourceTree = "<group>"; };
		F711A43F2745A84A00E1515D /* GetSeriesPhotoListContext.plist */ = {isa = PBXFileReference; fileEncoding = 4; lastKnownFileType = text.plist.xml; path = GetSeriesPhotoListContext.plist; sourceTree = "<group>"; };
		F711A4402745A84A00E1515D /* GetSeriesListsFilterContext.plist */ = {isa = PBXFileReference; fileEncoding = 4; lastKnownFileType = text.plist.xml; path = GetSeriesListsFilterContext.plist; sourceTree = "<group>"; };
		F711A4412745A84A00E1515D /* GetSeriesGuideContext.plist */ = {isa = PBXFileReference; fileEncoding = 4; lastKnownFileType = text.plist.xml; path = GetSeriesGuideContext.plist; sourceTree = "<group>"; };
		F711A4422745A84A00E1515D /* GetVideoListContext.plist */ = {isa = PBXFileReference; fileEncoding = 4; lastKnownFileType = text.plist.xml; path = GetVideoListContext.plist; sourceTree = "<group>"; };
		F711A4AE2745A94E00E1515D /* LFApiSeries.h */ = {isa = PBXFileReference; fileEncoding = 4; lastKnownFileType = sourcecode.c.h; path = LFApiSeries.h; sourceTree = "<group>"; };
		F711A4AF2745A94E00E1515D /* LFApiSeries.m */ = {isa = PBXFileReference; fileEncoding = 4; lastKnownFileType = sourcecode.c.objc; path = LFApiSeries.m; sourceTree = "<group>"; };
		F711A4B02745A94E00E1515D /* LFApiHelper.m */ = {isa = PBXFileReference; fileEncoding = 4; lastKnownFileType = sourcecode.c.objc; path = LFApiHelper.m; sourceTree = "<group>"; };
		F711A4B22745A94E00E1515D /* LFApiVideos.h */ = {isa = PBXFileReference; fileEncoding = 4; lastKnownFileType = sourcecode.c.h; path = LFApiVideos.h; sourceTree = "<group>"; };
		F711A4B32745A94E00E1515D /* LFApiVideos.m */ = {isa = PBXFileReference; fileEncoding = 4; lastKnownFileType = sourcecode.c.objc; path = LFApiVideos.m; sourceTree = "<group>"; };
		F711A4B42745A94E00E1515D /* LFApiHelper.h */ = {isa = PBXFileReference; fileEncoding = 4; lastKnownFileType = sourcecode.c.h; path = LFApiHelper.h; sourceTree = "<group>"; };
		F711A4B62745A94E00E1515D /* LFApiNews.h */ = {isa = PBXFileReference; fileEncoding = 4; lastKnownFileType = sourcecode.c.h; path = LFApiNews.h; sourceTree = "<group>"; };
		F711A4B72745A94E00E1515D /* LFApiNews.m */ = {isa = PBXFileReference; fileEncoding = 4; lastKnownFileType = sourcecode.c.objc; path = LFApiNews.m; sourceTree = "<group>"; };
		F711A4B92745A94E00E1515D /* LFApiBase+Protected.h */ = {isa = PBXFileReference; fileEncoding = 4; lastKnownFileType = sourcecode.c.h; path = "LFApiBase+Protected.h"; sourceTree = "<group>"; };
		F711A4BA2745A94E00E1515D /* LFApiBase.h */ = {isa = PBXFileReference; fileEncoding = 4; lastKnownFileType = sourcecode.c.h; path = LFApiBase.h; sourceTree = "<group>"; };
		F711A4BB2745A94E00E1515D /* LFApiBase.m */ = {isa = PBXFileReference; fileEncoding = 4; lastKnownFileType = sourcecode.c.objc; path = LFApiBase.m; sourceTree = "<group>"; };
		F73459D92765F98B00E45725 /* TemplateTableViewController.swift */ = {isa = PBXFileReference; lastKnownFileType = sourcecode.swift; path = TemplateTableViewController.swift; sourceTree = "<group>"; };
		F73459DB276610F000E45725 /* CellConfigurable.swift */ = {isa = PBXFileReference; lastKnownFileType = sourcecode.swift; path = CellConfigurable.swift; sourceTree = "<group>"; };
		F73459DF276647ED00E45725 /* TemplateDataController.swift */ = {isa = PBXFileReference; lastKnownFileType = sourcecode.swift; path = TemplateDataController.swift; sourceTree = "<group>"; };
		F73459E127664D6400E45725 /* DataModelQueryable.swift */ = {isa = PBXFileReference; lastKnownFileType = sourcecode.swift; path = DataModelQueryable.swift; sourceTree = "<group>"; };
		F7355EEC2772414200B42B0F /* NewEpisodeViewCell.swift */ = {isa = PBXFileReference; lastKnownFileType = sourcecode.swift; path = NewEpisodeViewCell.swift; sourceTree = "<group>"; };
		F7355EEF2772523C00B42B0F /* Util.swift */ = {isa = PBXFileReference; lastKnownFileType = sourcecode.swift; path = Util.swift; sourceTree = "<group>"; };
		F7355EF12772571200B42B0F /* NewEpisodesDataController.swift */ = {isa = PBXFileReference; lastKnownFileType = sourcecode.swift; path = NewEpisodesDataController.swift; sourceTree = "<group>"; };
		F7355EF32772584E00B42B0F /* NewEpisodesTableViewController.swift */ = {isa = PBXFileReference; lastKnownFileType = sourcecode.swift; path = NewEpisodesTableViewController.swift; sourceTree = "<group>"; };
		F73CEF5627494FD40011AE04 /* TVSeriesTableViewController.swift */ = {isa = PBXFileReference; lastKnownFileType = sourcecode.swift; path = TVSeriesTableViewController.swift; sourceTree = "<group>"; };
		F7551D28274D88CF00E1748E /* SeriesViewCell.swift */ = {isa = PBXFileReference; lastKnownFileType = sourcecode.swift; path = SeriesViewCell.swift; sourceTree = "<group>"; };
		F76D9CD627691CC2008D8CA4 /* NewsTableViewController.swift */ = {isa = PBXFileReference; lastKnownFileType = sourcecode.swift; path = NewsTableViewController.swift; sourceTree = "<group>"; };
		F76D9CD827691D12008D8CA4 /* NewsViewCell.swift */ = {isa = PBXFileReference; lastKnownFileType = sourcecode.swift; path = NewsViewCell.swift; sourceTree = "<group>"; };
		F76D9CD927691D12008D8CA4 /* NewsViewCell.xib */ = {isa = PBXFileReference; lastKnownFileType = file.xib; path = NewsViewCell.xib; sourceTree = "<group>"; };
		F77300D52773BB0A007FF03B /* ScheduleDataController.swift */ = {isa = PBXFileReference; lastKnownFileType = sourcecode.swift; path = ScheduleDataController.swift; sourceTree = "<group>"; };
		F7839833274015FF0025A6B5 /* ru */ = {isa = PBXFileReference; lastKnownFileType = text.plist.strings; name = ru; path = ru.lproj/LaunchScreen.strings; sourceTree = "<group>"; };
		F7839837274017840025A6B5 /* en */ = {isa = PBXFileReference; lastKnownFileType = text.plist.strings; name = en; path = en.lproj/Localizable.strings; sourceTree = "<group>"; };
		F7839839274017870025A6B5 /* ru */ = {isa = PBXFileReference; lastKnownFileType = text.plist.strings; name = ru; path = ru.lproj/Localizable.strings; sourceTree = "<group>"; };
		F7997CC9276DF70700DFCC19 /* NewsDataController.swift */ = {isa = PBXFileReference; lastKnownFileType = sourcecode.swift; path = NewsDataController.swift; sourceTree = "<group>"; };
		F7997CCD276F933000DFCC19 /* VideosTableViewController.swift */ = {isa = PBXFileReference; lastKnownFileType = sourcecode.swift; path = VideosTableViewController.swift; sourceTree = "<group>"; };
		F7997CCF276F93BA00DFCC19 /* VideoViewCell.swift */ = {isa = PBXFileReference; lastKnownFileType = sourcecode.swift; path = VideoViewCell.swift; sourceTree = "<group>"; };
		F7997CD1276FBAE700DFCC19 /* VideosDataController.swift */ = {isa = PBXFileReference; lastKnownFileType = sourcecode.swift; path = VideosDataController.swift; sourceTree = "<group>"; };
		F79C97032746CCA3001BD5F8 /* LFSeriesModel.h */ = {isa = PBXFileReference; fileEncoding = 4; lastKnownFileType = sourcecode.c.h; path = LFSeriesModel.h; sourceTree = "<group>"; };
		F79C97042746CCA3001BD5F8 /* LFSeriesFilterModel.h */ = {isa = PBXFileReference; fileEncoding = 4; lastKnownFileType = sourcecode.c.h; path = LFSeriesFilterModel.h; sourceTree = "<group>"; };
		F79C97052746CCA3001BD5F8 /* LFPersonModel.h */ = {isa = PBXFileReference; fileEncoding = 4; lastKnownFileType = sourcecode.c.h; path = LFPersonModel.h; sourceTree = "<group>"; };
		F79C97062746CCA3001BD5F8 /* LFSeriesFilterBaseModel.m */ = {isa = PBXFileReference; fileEncoding = 4; lastKnownFileType = sourcecode.c.objc; path = LFSeriesFilterBaseModel.m; sourceTree = "<group>"; };
		F79C97072746CCA3001BD5F8 /* LFEpisodeModel.h */ = {isa = PBXFileReference; fileEncoding = 4; lastKnownFileType = sourcecode.c.h; path = LFEpisodeModel.h; sourceTree = "<group>"; };
		F79C97082746CCA3001BD5F8 /* LFSeasonModel.h */ = {isa = PBXFileReference; fileEncoding = 4; lastKnownFileType = sourcecode.c.h; path = LFSeasonModel.h; sourceTree = "<group>"; };
		F79C97092746CCA3001BD5F8 /* LFSeriesFilterModel.m */ = {isa = PBXFileReference; fileEncoding = 4; lastKnownFileType = sourcecode.c.objc; path = LFSeriesFilterModel.m; sourceTree = "<group>"; };
		F79C970A2746CCA3001BD5F8 /* LFSeriesModel.m */ = {isa = PBXFileReference; fileEncoding = 4; lastKnownFileType = sourcecode.c.objc; path = LFSeriesModel.m; sourceTree = "<group>"; };
		F79C970B2746CCA3001BD5F8 /* LFPersonModel.m */ = {isa = PBXFileReference; fileEncoding = 4; lastKnownFileType = sourcecode.c.objc; path = LFPersonModel.m; sourceTree = "<group>"; };
		F79C970C2746CCA3001BD5F8 /* LFEpisodeModel.m */ = {isa = PBXFileReference; fileEncoding = 4; lastKnownFileType = sourcecode.c.objc; path = LFEpisodeModel.m; sourceTree = "<group>"; };
		F79C970D2746CCA3001BD5F8 /* LFSeriesFilterBaseModel.h */ = {isa = PBXFileReference; fileEncoding = 4; lastKnownFileType = sourcecode.c.h; path = LFSeriesFilterBaseModel.h; sourceTree = "<group>"; };
		F79C970E2746CCA3001BD5F8 /* LFSeasonModel.m */ = {isa = PBXFileReference; fileEncoding = 4; lastKnownFileType = sourcecode.c.objc; path = LFSeasonModel.m; sourceTree = "<group>"; };
		F79C97102746CCA3001BD5F8 /* LFVideoModel.m */ = {isa = PBXFileReference; fileEncoding = 4; lastKnownFileType = sourcecode.c.objc; path = LFVideoModel.m; sourceTree = "<group>"; };
		F79C97112746CCA3001BD5F8 /* LFVideoModel.h */ = {isa = PBXFileReference; fileEncoding = 4; lastKnownFileType = sourcecode.c.h; path = LFVideoModel.h; sourceTree = "<group>"; };
		F79C97132746CCA3001BD5F8 /* LFLinkContentItemModel.h */ = {isa = PBXFileReference; fileEncoding = 4; lastKnownFileType = sourcecode.c.h; path = LFLinkContentItemModel.h; sourceTree = "<group>"; };
		F79C97142746CCA3001BD5F8 /* LFVideoContentItemModel.h */ = {isa = PBXFileReference; fileEncoding = 4; lastKnownFileType = sourcecode.c.h; path = LFVideoContentItemModel.h; sourceTree = "<group>"; };
		F79C97152746CCA3001BD5F8 /* LFAttributedTextContentItemModel.m */ = {isa = PBXFileReference; fileEncoding = 4; lastKnownFileType = sourcecode.c.objc; path = LFAttributedTextContentItemModel.m; sourceTree = "<group>"; };
		F79C97162746CCA3001BD5F8 /* LFContentModel.m */ = {isa = PBXFileReference; fileEncoding = 4; lastKnownFileType = sourcecode.c.objc; path = LFContentModel.m; sourceTree = "<group>"; };
		F79C97172746CCA3001BD5F8 /* LFPhotoListContentItemModel.h */ = {isa = PBXFileReference; fileEncoding = 4; lastKnownFileType = sourcecode.c.h; path = LFPhotoListContentItemModel.h; sourceTree = "<group>"; };
		F79C97182746CCA3001BD5F8 /* LFContentItemModel.m */ = {isa = PBXFileReference; fileEncoding = 4; lastKnownFileType = sourcecode.c.objc; path = LFContentItemModel.m; sourceTree = "<group>"; };
		F79C97192746CCA3001BD5F8 /* LFTextContentItemModel.h */ = {isa = PBXFileReference; fileEncoding = 4; lastKnownFileType = sourcecode.c.h; path = LFTextContentItemModel.h; sourceTree = "<group>"; };
		F79C971A2746CCA3001BD5F8 /* LFVideoContentItemModel.m */ = {isa = PBXFileReference; fileEncoding = 4; lastKnownFileType = sourcecode.c.objc; path = LFVideoContentItemModel.m; sourceTree = "<group>"; };
		F79C971B2746CCA3001BD5F8 /* LFLinkContentItemModel.m */ = {isa = PBXFileReference; fileEncoding = 4; lastKnownFileType = sourcecode.c.objc; path = LFLinkContentItemModel.m; sourceTree = "<group>"; };
		F79C971C2746CCA3001BD5F8 /* LFAttributedTextContentItemModel.h */ = {isa = PBXFileReference; fileEncoding = 4; lastKnownFileType = sourcecode.c.h; path = LFAttributedTextContentItemModel.h; sourceTree = "<group>"; };
		F79C971D2746CCA3001BD5F8 /* LFContentModel.h */ = {isa = PBXFileReference; fileEncoding = 4; lastKnownFileType = sourcecode.c.h; path = LFContentModel.h; sourceTree = "<group>"; };
		F79C971E2746CCA3001BD5F8 /* LFTextContentItemModel.m */ = {isa = PBXFileReference; fileEncoding = 4; lastKnownFileType = sourcecode.c.objc; path = LFTextContentItemModel.m; sourceTree = "<group>"; };
		F79C971F2746CCA3001BD5F8 /* LFPhotoListContentItemModel.m */ = {isa = PBXFileReference; fileEncoding = 4; lastKnownFileType = sourcecode.c.objc; path = LFPhotoListContentItemModel.m; sourceTree = "<group>"; };
		F79C97202746CCA3001BD5F8 /* LFContentItemModel.h */ = {isa = PBXFileReference; fileEncoding = 4; lastKnownFileType = sourcecode.c.h; path = LFContentItemModel.h; sourceTree = "<group>"; };
		F79C97222746CCA3001BD5F8 /* LFNewsModel.h */ = {isa = PBXFileReference; fileEncoding = 4; lastKnownFileType = sourcecode.c.h; path = LFNewsModel.h; sourceTree = "<group>"; };
		F79C97232746CCA3001BD5F8 /* LFNewsModel.m */ = {isa = PBXFileReference; fileEncoding = 4; lastKnownFileType = sourcecode.c.objc; path = LFNewsModel.m; sourceTree = "<group>"; };
		F79C97252746CCA3001BD5F8 /* LFPhotoModel.m */ = {isa = PBXFileReference; fileEncoding = 4; lastKnownFileType = sourcecode.c.objc; path = LFPhotoModel.m; sourceTree = "<group>"; };
		F79C97262746CCA3001BD5F8 /* LFPhotoModel.h */ = {isa = PBXFileReference; fileEncoding = 4; lastKnownFileType = sourcecode.c.h; path = LFPhotoModel.h; sourceTree = "<group>"; };
		F79C97282746CCA3001BD5F8 /* LFJsonObject.m */ = {isa = PBXFileReference; fileEncoding = 4; lastKnownFileType = sourcecode.c.objc; path = LFJsonObject.m; sourceTree = "<group>"; };
		F79C97292746CCA3001BD5F8 /* LFJsonObject.h */ = {isa = PBXFileReference; fileEncoding = 4; lastKnownFileType = sourcecode.c.h; path = LFJsonObject.h; sourceTree = "<group>"; };
		F7AEE469273FEB7900C304D0 /* lostfilm.app */ = {isa = PBXFileReference; explicitFileType = wrapper.application; includeInIndex = 0; path = lostfilm.app; sourceTree = BUILT_PRODUCTS_DIR; };
		F7AEE46C273FEB7900C304D0 /* AppDelegate.swift */ = {isa = PBXFileReference; lastKnownFileType = sourcecode.swift; path = AppDelegate.swift; sourceTree = "<group>"; };
		F7AEE46E273FEB7900C304D0 /* SceneDelegate.swift */ = {isa = PBXFileReference; lastKnownFileType = sourcecode.swift; path = SceneDelegate.swift; sourceTree = "<group>"; };
		F7AEE475273FEB7A00C304D0 /* Assets.xcassets */ = {isa = PBXFileReference; lastKnownFileType = folder.assetcatalog; path = Assets.xcassets; sourceTree = "<group>"; };
		F7AEE478273FEB7A00C304D0 /* Base */ = {isa = PBXFileReference; lastKnownFileType = file.storyboard; name = Base; path = Base.lproj/LaunchScreen.storyboard; sourceTree = "<group>"; };
		F7AEE47A273FEB7A00C304D0 /* Info.plist */ = {isa = PBXFileReference; lastKnownFileType = text.plist.xml; path = Info.plist; sourceTree = "<group>"; };
		F7AEE481273FF32400C304D0 /* TabBarRootController.swift */ = {isa = PBXFileReference; lastKnownFileType = sourcecode.swift; path = TabBarRootController.swift; sourceTree = "<group>"; };
		F7B2DB8F274A82250099CF29 /* TVSeriesDataController.swift */ = {isa = PBXFileReference; lastKnownFileType = sourcecode.swift; path = TVSeriesDataController.swift; sourceTree = "<group>"; };
		F7B2DB95274AA3E60099CF29 /* LFApplicationHelper.swift */ = {isa = PBXFileReference; lastKnownFileType = sourcecode.swift; path = LFApplicationHelper.swift; sourceTree = "<group>"; };
		F7C4EE822753E222006B5961 /* NSURLRequest+LF.m */ = {isa = PBXFileReference; fileEncoding = 4; lastKnownFileType = sourcecode.c.objc; path = "NSURLRequest+LF.m"; sourceTree = "<group>"; };
		F7C4EE832753E222006B5961 /* NSURLRequest+LF.h */ = {isa = PBXFileReference; fileEncoding = 4; lastKnownFileType = sourcecode.c.h; path = "NSURLRequest+LF.h"; sourceTree = "<group>"; };
		F7C4EE862753E559006B5961 /* LFConstants.h */ = {isa = PBXFileReference; fileEncoding = 4; lastKnownFileType = sourcecode.c.h; path = LFConstants.h; sourceTree = "<group>"; };
		F7EC8A9B2754B567005C6D81 /* DataControllerDelegate.swift */ = {isa = PBXFileReference; lastKnownFileType = sourcecode.swift; path = DataControllerDelegate.swift; sourceTree = "<group>"; };
		F7EF678C2747DB3500A2A8DD /* NSError+LF.h */ = {isa = PBXFileReference; fileEncoding = 4; lastKnownFileType = sourcecode.c.h; path = "NSError+LF.h"; sourceTree = "<group>"; };
		F7EF678D2747DB3600A2A8DD /* NSError+LF.m */ = {isa = PBXFileReference; fileEncoding = 4; lastKnownFileType = sourcecode.c.objc; path = "NSError+LF.m"; sourceTree = "<group>"; };
		F7EF67902747E41F00A2A8DD /* NSDictionary+LF.h */ = {isa = PBXFileReference; fileEncoding = 4; lastKnownFileType = sourcecode.c.h; path = "NSDictionary+LF.h"; sourceTree = "<group>"; };
		F7EF67912747E41F00A2A8DD /* NSDictionary+LF.m */ = {isa = PBXFileReference; fileEncoding = 4; lastKnownFileType = sourcecode.c.objc; path = "NSDictionary+LF.m"; sourceTree = "<group>"; };
/* End PBXFileReference section */

/* Begin PBXFrameworksBuildPhase section */
		F7AEE466273FEB7900C304D0 /* Frameworks */ = {
			isa = PBXFrameworksBuildPhase;
			buildActionMask = 2147483647;
			files = (
				3D98C67E47BE7F88D437EA48 /* libPods-lostfilm.a in Frameworks */,
			);
			runOnlyForDeploymentPostprocessing = 0;
		};
/* End PBXFrameworksBuildPhase section */

/* Begin PBXGroup section */
		2B89820781B4F7ACD1604C0A /* Pods */ = {
			isa = PBXGroup;
			children = (
				D1F890FFE45D1767EFFAFC18 /* Pods-lostfilm.debug.xcconfig */,
				6A4D4B45EEE09A9874051CB0 /* Pods-lostfilm.release.xcconfig */,
			);
			path = Pods;
			sourceTree = "<group>";
		};
		3BF103F10585E073A54CCD5B /* Frameworks */ = {
			isa = PBXGroup;
			children = (
				2CE4501E7766887B5B246ECA /* libPods-lostfilm.a */,
			);
			name = Frameworks;
			sourceTree = "<group>";
		};
		F711A41A2745A74300E1515D /* Resources */ = {
			isa = PBXGroup;
			children = (
				F711A41B2745A77600E1515D /* Contexts */,
			);
			path = Resources;
			sourceTree = "<group>";
		};
		F711A41B2745A77600E1515D /* Contexts */ = {
			isa = PBXGroup;
			children = (
				F711A43C2745A84900E1515D /* GetNewEpisodeListContext.plist */,
				F711A43E2745A84A00E1515D /* GetNewsDetailsContext.plist */,
				F711A4372745A84900E1515D /* GetNewsListContext.plist */,
				F711A43D2745A84A00E1515D /* GetSeriesCastContext.plist */,
				F711A4362745A84900E1515D /* GetSeriesDetailsContext.plist */,
				F711A4412745A84A00E1515D /* GetSeriesGuideContext.plist */,
				F711A43A2745A84900E1515D /* GetSeriesListContext.plist */,
				F711A4402745A84A00E1515D /* GetSeriesListsFilterContext.plist */,
				F711A4382745A84900E1515D /* GetSeriesNewsListContext.plist */,
				F711A43F2745A84A00E1515D /* GetSeriesPhotoListContext.plist */,
				F711A43B2745A84900E1515D /* GetSeriesVideoListContext.plist */,
				F711A4392745A84900E1515D /* GetTimetableContext.plist */,
				F711A4422745A84A00E1515D /* GetVideoListContext.plist */,
			);
			path = Contexts;
			sourceTree = "<group>";
		};
		F711A4502745A87000E1515D /* Helpers */ = {
			isa = PBXGroup;
			children = (
				F7B2DB91274AA29B0099CF29 /* Application */,
				F7EF678F2747DB4B00A2A8DD /* Categories */,
				F711A4AC2745A94E00E1515D /* API */,
			);
			path = Helpers;
			sourceTree = "<group>";
		};
		F711A4AC2745A94E00E1515D /* API */ = {
			isa = PBXGroup;
			children = (
				F711A4AD2745A94E00E1515D /* Series */,
				F711A4B02745A94E00E1515D /* LFApiHelper.m */,
				F711A4B12745A94E00E1515D /* Videos */,
				F711A4B42745A94E00E1515D /* LFApiHelper.h */,
				F711A4B52745A94E00E1515D /* News */,
				F711A4B82745A94E00E1515D /* Base */,
			);
			path = API;
			sourceTree = "<group>";
		};
		F711A4AD2745A94E00E1515D /* Series */ = {
			isa = PBXGroup;
			children = (
				F711A4AE2745A94E00E1515D /* LFApiSeries.h */,
				F711A4AF2745A94E00E1515D /* LFApiSeries.m */,
			);
			path = Series;
			sourceTree = "<group>";
		};
		F711A4B12745A94E00E1515D /* Videos */ = {
			isa = PBXGroup;
			children = (
				F711A4B22745A94E00E1515D /* LFApiVideos.h */,
				F711A4B32745A94E00E1515D /* LFApiVideos.m */,
			);
			path = Videos;
			sourceTree = "<group>";
		};
		F711A4B52745A94E00E1515D /* News */ = {
			isa = PBXGroup;
			children = (
				F711A4B62745A94E00E1515D /* LFApiNews.h */,
				F711A4B72745A94E00E1515D /* LFApiNews.m */,
			);
			path = News;
			sourceTree = "<group>";
		};
		F711A4B82745A94E00E1515D /* Base */ = {
			isa = PBXGroup;
			children = (
				F711A4B92745A94E00E1515D /* LFApiBase+Protected.h */,
				F711A4BA2745A94E00E1515D /* LFApiBase.h */,
				F711A4BB2745A94E00E1515D /* LFApiBase.m */,
			);
			path = Base;
			sourceTree = "<group>";
		};
		F73459DD276642E200E45725 /* Protocols */ = {
			isa = PBXGroup;
			children = (
				F73459DB276610F000E45725 /* CellConfigurable.swift */,
				F73459E127664D6400E45725 /* DataModelQueryable.swift */,
			);
			path = Protocols;
			sourceTree = "<group>";
		};
		F73459DE2766435300E45725 /* TableViewCells */ = {
			isa = PBXGroup;
			children = (
				F7551D28274D88CF00E1748E /* SeriesViewCell.swift */,
				F76D9CD827691D12008D8CA4 /* NewsViewCell.swift */,
				F76D9CD927691D12008D8CA4 /* NewsViewCell.xib */,
				F7997CCF276F93BA00DFCC19 /* VideoViewCell.swift */,
				F7355EEC2772414200B42B0F /* NewEpisodeViewCell.swift */,
			);
			path = TableViewCells;
			sourceTree = "<group>";
		};
		F7355EEE2772522500B42B0F /* Util */ = {
			isa = PBXGroup;
			children = (
				F7355EEF2772523C00B42B0F /* Util.swift */,
			);
			path = Util;
			sourceTree = "<group>";
		};
		F74E3A81274051AA004B81EF /* Delegates */ = {
			isa = PBXGroup;
			children = (
				F7AEE46C273FEB7900C304D0 /* AppDelegate.swift */,
				F7AEE46E273FEB7900C304D0 /* SceneDelegate.swift */,
				F7EC8A9B2754B567005C6D81 /* DataControllerDelegate.swift */,
			);
			path = Delegates;
			sourceTree = "<group>";
		};
		F7551D27274D886E00E1748E /* TableViewControllers */ = {
			isa = PBXGroup;
			children = (
				F73459D92765F98B00E45725 /* TemplateTableViewController.swift */,
				F73CEF5627494FD40011AE04 /* TVSeriesTableViewController.swift */,
				F76D9CD627691CC2008D8CA4 /* NewsTableViewController.swift */,
				F7997CCD276F933000DFCC19 /* VideosTableViewController.swift */,
				F7355EF32772584E00B42B0F /* NewEpisodesTableViewController.swift */,
				F73459DE2766435300E45725 /* TableViewCells */,
			);
			path = TableViewControllers;
			sourceTree = "<group>";
		};
		F79C97012746CCA3001BD5F8 /* Models */ = {
			isa = PBXGroup;
			children = (
				F79C97022746CCA3001BD5F8 /* Series */,
				F79C970F2746CCA3001BD5F8 /* Video */,
				F79C97122746CCA3001BD5F8 /* Content */,
				F79C97212746CCA3001BD5F8 /* News */,
				F79C97242746CCA3001BD5F8 /* Photo */,
				F79C97272746CCA3001BD5F8 /* Base */,
			);
			path = Models;
			sourceTree = "<group>";
		};
		F79C97022746CCA3001BD5F8 /* Series */ = {
			isa = PBXGroup;
			children = (
				F79C97032746CCA3001BD5F8 /* LFSeriesModel.h */,
				F79C97042746CCA3001BD5F8 /* LFSeriesFilterModel.h */,
				F79C97052746CCA3001BD5F8 /* LFPersonModel.h */,
				F79C97062746CCA3001BD5F8 /* LFSeriesFilterBaseModel.m */,
				F79C97072746CCA3001BD5F8 /* LFEpisodeModel.h */,
				F79C97082746CCA3001BD5F8 /* LFSeasonModel.h */,
				F79C97092746CCA3001BD5F8 /* LFSeriesFilterModel.m */,
				F79C970A2746CCA3001BD5F8 /* LFSeriesModel.m */,
				F79C970B2746CCA3001BD5F8 /* LFPersonModel.m */,
				F79C970C2746CCA3001BD5F8 /* LFEpisodeModel.m */,
				F79C970D2746CCA3001BD5F8 /* LFSeriesFilterBaseModel.h */,
				F79C970E2746CCA3001BD5F8 /* LFSeasonModel.m */,
			);
			path = Series;
			sourceTree = "<group>";
		};
		F79C970F2746CCA3001BD5F8 /* Video */ = {
			isa = PBXGroup;
			children = (
				F79C97102746CCA3001BD5F8 /* LFVideoModel.m */,
				F79C97112746CCA3001BD5F8 /* LFVideoModel.h */,
			);
			path = Video;
			sourceTree = "<group>";
		};
		F79C97122746CCA3001BD5F8 /* Content */ = {
			isa = PBXGroup;
			children = (
				F79C97132746CCA3001BD5F8 /* LFLinkContentItemModel.h */,
				F79C97142746CCA3001BD5F8 /* LFVideoContentItemModel.h */,
				F79C97152746CCA3001BD5F8 /* LFAttributedTextContentItemModel.m */,
				F79C97162746CCA3001BD5F8 /* LFContentModel.m */,
				F79C97172746CCA3001BD5F8 /* LFPhotoListContentItemModel.h */,
				F79C97182746CCA3001BD5F8 /* LFContentItemModel.m */,
				F79C97192746CCA3001BD5F8 /* LFTextContentItemModel.h */,
				F79C971A2746CCA3001BD5F8 /* LFVideoContentItemModel.m */,
				F79C971B2746CCA3001BD5F8 /* LFLinkContentItemModel.m */,
				F79C971C2746CCA3001BD5F8 /* LFAttributedTextContentItemModel.h */,
				F79C971D2746CCA3001BD5F8 /* LFContentModel.h */,
				F79C971E2746CCA3001BD5F8 /* LFTextContentItemModel.m */,
				F79C971F2746CCA3001BD5F8 /* LFPhotoListContentItemModel.m */,
				F79C97202746CCA3001BD5F8 /* LFContentItemModel.h */,
			);
			path = Content;
			sourceTree = "<group>";
		};
		F79C97212746CCA3001BD5F8 /* News */ = {
			isa = PBXGroup;
			children = (
				F79C97222746CCA3001BD5F8 /* LFNewsModel.h */,
				F79C97232746CCA3001BD5F8 /* LFNewsModel.m */,
			);
			path = News;
			sourceTree = "<group>";
		};
		F79C97242746CCA3001BD5F8 /* Photo */ = {
			isa = PBXGroup;
			children = (
				F79C97252746CCA3001BD5F8 /* LFPhotoModel.m */,
				F79C97262746CCA3001BD5F8 /* LFPhotoModel.h */,
			);
			path = Photo;
			sourceTree = "<group>";
		};
		F79C97272746CCA3001BD5F8 /* Base */ = {
			isa = PBXGroup;
			children = (
				F79C97282746CCA3001BD5F8 /* LFJsonObject.m */,
				F79C97292746CCA3001BD5F8 /* LFJsonObject.h */,
			);
			path = Base;
			sourceTree = "<group>";
		};
		F7AEE460273FEB7900C304D0 = {
			isa = PBXGroup;
			children = (
				F7AEE46B273FEB7900C304D0 /* lostfilm */,
				F7AEE46A273FEB7900C304D0 /* Products */,
				2B89820781B4F7ACD1604C0A /* Pods */,
				3BF103F10585E073A54CCD5B /* Frameworks */,
			);
			sourceTree = "<group>";
		};
		F7AEE46A273FEB7900C304D0 /* Products */ = {
			isa = PBXGroup;
			children = (
				F7AEE469273FEB7900C304D0 /* lostfilm.app */,
			);
			name = Products;
			sourceTree = "<group>";
		};
		F7AEE46B273FEB7900C304D0 /* lostfilm */ = {
			isa = PBXGroup;
			children = (
				F7355EEE2772522500B42B0F /* Util */,
				F7C4EE852753E539006B5961 /* Other */,
				F79C97012746CCA3001BD5F8 /* Models */,
				F711A4502745A87000E1515D /* Helpers */,
				F711A41A2745A74300E1515D /* Resources */,
				F73459DD276642E200E45725 /* Protocols */,
				F74E3A81274051AA004B81EF /* Delegates */,
				F7AEE480273FF2C600C304D0 /* Controllers */,
				F7AEE475273FEB7A00C304D0 /* Assets.xcassets */,
				F7AEE477273FEB7A00C304D0 /* LaunchScreen.storyboard */,
				F7AEE47A273FEB7A00C304D0 /* Info.plist */,
				F7839838274017840025A6B5 /* Localizable.strings */,
				F711A41927459AF300E1515D /* lostfilm-Bridging-Header.h */,
			);
			path = lostfilm;
			sourceTree = "<group>";
		};
		F7AEE480273FF2C600C304D0 /* Controllers */ = {
			isa = PBXGroup;
			children = (
				F7551D27274D886E00E1748E /* TableViewControllers */,
				F7B2DB8E274A81E30099CF29 /* DataControllers */,
				F7AEE481273FF32400C304D0 /* TabBarRootController.swift */,
			);
			path = Controllers;
			sourceTree = "<group>";
		};
		F7B2DB8E274A81E30099CF29 /* DataControllers */ = {
			isa = PBXGroup;
			children = (
				F7B2DB8F274A82250099CF29 /* TVSeriesDataController.swift */,
				F73459DF276647ED00E45725 /* TemplateDataController.swift */,
				F7997CC9276DF70700DFCC19 /* NewsDataController.swift */,
				F7997CD1276FBAE700DFCC19 /* VideosDataController.swift */,
				F7355EF12772571200B42B0F /* NewEpisodesDataController.swift */,
				F77300D52773BB0A007FF03B /* ScheduleDataController.swift */,
			);
			path = DataControllers;
			sourceTree = "<group>";
		};
		F7B2DB91274AA29B0099CF29 /* Application */ = {
			isa = PBXGroup;
			children = (
				F7B2DB95274AA3E60099CF29 /* LFApplicationHelper.swift */,
			);
			path = Application;
			sourceTree = "<group>";
		};
		F7C4EE852753E539006B5961 /* Other */ = {
			isa = PBXGroup;
			children = (
				F7C4EE862753E559006B5961 /* LFConstants.h */,
			);
			path = Other;
			sourceTree = "<group>";
		};
		F7EF678B2747DB0F00A2A8DD /* NS */ = {
			isa = PBXGroup;
			children = (
				F7C4EE832753E222006B5961 /* NSURLRequest+LF.h */,
				F7C4EE822753E222006B5961 /* NSURLRequest+LF.m */,
				F7EF67902747E41F00A2A8DD /* NSDictionary+LF.h */,
				F7EF67912747E41F00A2A8DD /* NSDictionary+LF.m */,
				F7EF678C2747DB3500A2A8DD /* NSError+LF.h */,
				F7EF678D2747DB3600A2A8DD /* NSError+LF.m */,
			);
			path = NS;
			sourceTree = "<group>";
		};
		F7EF678F2747DB4B00A2A8DD /* Categories */ = {
			isa = PBXGroup;
			children = (
				F7EF678B2747DB0F00A2A8DD /* NS */,
			);
			path = Categories;
			sourceTree = "<group>";
		};
/* End PBXGroup section */

/* Begin PBXNativeTarget section */
		F7AEE468273FEB7900C304D0 /* lostfilm */ = {
			isa = PBXNativeTarget;
			buildConfigurationList = F7AEE47D273FEB7A00C304D0 /* Build configuration list for PBXNativeTarget "lostfilm" */;
			buildPhases = (
				25932359A7B4DDBAFFD08996 /* [CP] Check Pods Manifest.lock */,
				F7AEE465273FEB7900C304D0 /* Sources */,
				F7AEE466273FEB7900C304D0 /* Frameworks */,
				F7AEE467273FEB7900C304D0 /* Resources */,
				5D395025B3DCC819DF31254C /* [CP] Copy Pods Resources */,
			);
			buildRules = (
			);
			dependencies = (
			);
			name = lostfilm;
			productName = lostfilm;
			productReference = F7AEE469273FEB7900C304D0 /* lostfilm.app */;
			productType = "com.apple.product-type.application";
		};
/* End PBXNativeTarget section */

/* Begin PBXProject section */
		F7AEE461273FEB7900C304D0 /* Project object */ = {
			isa = PBXProject;
			attributes = {
				BuildIndependentTargetsInParallel = 1;
				LastSwiftUpdateCheck = 1310;
				LastUpgradeCheck = 1310;
				TargetAttributes = {
					F7AEE468273FEB7900C304D0 = {
						CreatedOnToolsVersion = 13.1;
					};
				};
			};
			buildConfigurationList = F7AEE464273FEB7900C304D0 /* Build configuration list for PBXProject "lostfilm" */;
			compatibilityVersion = "Xcode 12.0";
			developmentRegion = en;
			hasScannedForEncodings = 0;
			knownRegions = (
				en,
				Base,
				ru,
			);
			mainGroup = F7AEE460273FEB7900C304D0;
			productRefGroup = F7AEE46A273FEB7900C304D0 /* Products */;
			projectDirPath = "";
			projectRoot = "";
			targets = (
				F7AEE468273FEB7900C304D0 /* lostfilm */,
			);
		};
/* End PBXProject section */

/* Begin PBXResourcesBuildPhase section */
		F7AEE467273FEB7900C304D0 /* Resources */ = {
			isa = PBXResourcesBuildPhase;
			buildActionMask = 2147483647;
			files = (
				F711A4482745A84A00E1515D /* GetSeriesVideoListContext.plist in Resources */,
				F711A4472745A84A00E1515D /* GetSeriesListContext.plist in Resources */,
				F711A4442745A84A00E1515D /* GetNewsListContext.plist in Resources */,
				F7AEE479273FEB7A00C304D0 /* LaunchScreen.storyboard in Resources */,
				F711A4432745A84A00E1515D /* GetSeriesDetailsContext.plist in Resources */,
				F711A44E2745A84A00E1515D /* GetSeriesGuideContext.plist in Resources */,
				F711A4452745A84A00E1515D /* GetSeriesNewsListContext.plist in Resources */,
				F7839836274017840025A6B5 /* Localizable.strings in Resources */,
				F711A44C2745A84A00E1515D /* GetSeriesPhotoListContext.plist in Resources */,
				F76D9CDB27691D12008D8CA4 /* NewsViewCell.xib in Resources */,
				F711A44D2745A84A00E1515D /* GetSeriesListsFilterContext.plist in Resources */,
				F711A4462745A84A00E1515D /* GetTimetableContext.plist in Resources */,
				F711A44F2745A84A00E1515D /* GetVideoListContext.plist in Resources */,
				F711A4492745A84A00E1515D /* GetNewEpisodeListContext.plist in Resources */,
				F711A44B2745A84A00E1515D /* GetNewsDetailsContext.plist in Resources */,
				F711A44A2745A84A00E1515D /* GetSeriesCastContext.plist in Resources */,
			);
			runOnlyForDeploymentPostprocessing = 0;
		};
/* End PBXResourcesBuildPhase section */

/* Begin PBXShellScriptBuildPhase section */
		25932359A7B4DDBAFFD08996 /* [CP] Check Pods Manifest.lock */ = {
			isa = PBXShellScriptBuildPhase;
			buildActionMask = 2147483647;
			files = (
			);
			inputFileListPaths = (
			);
			inputPaths = (
				"${PODS_PODFILE_DIR_PATH}/Podfile.lock",
				"${PODS_ROOT}/Manifest.lock",
			);
			name = "[CP] Check Pods Manifest.lock";
			outputFileListPaths = (
			);
			outputPaths = (
				"$(DERIVED_FILE_DIR)/Pods-lostfilm-checkManifestLockResult.txt",
			);
			runOnlyForDeploymentPostprocessing = 0;
			shellPath = /bin/sh;
			shellScript = "diff \"${PODS_PODFILE_DIR_PATH}/Podfile.lock\" \"${PODS_ROOT}/Manifest.lock\" > /dev/null\nif [ $? != 0 ] ; then\n    # print error to STDERR\n    echo \"error: The sandbox is not in sync with the Podfile.lock. Run 'pod install' or update your CocoaPods installation.\" >&2\n    exit 1\nfi\n# This output is used by Xcode 'outputs' to avoid re-running this script phase.\necho \"SUCCESS\" > \"${SCRIPT_OUTPUT_FILE_0}\"\n";
			showEnvVarsInLog = 0;
		};
		5D395025B3DCC819DF31254C /* [CP] Copy Pods Resources */ = {
			isa = PBXShellScriptBuildPhase;
			buildActionMask = 2147483647;
			files = (
			);
			inputFileListPaths = (
				"${PODS_ROOT}/Target Support Files/Pods-lostfilm/Pods-lostfilm-resources-${CONFIGURATION}-input-files.xcfilelist",
			);
			name = "[CP] Copy Pods Resources";
			outputFileListPaths = (
				"${PODS_ROOT}/Target Support Files/Pods-lostfilm/Pods-lostfilm-resources-${CONFIGURATION}-output-files.xcfilelist",
			);
			runOnlyForDeploymentPostprocessing = 0;
			shellPath = /bin/sh;
			shellScript = "\"${PODS_ROOT}/Target Support Files/Pods-lostfilm/Pods-lostfilm-resources.sh\"\n";
			showEnvVarsInLog = 0;
		};
/* End PBXShellScriptBuildPhase section */

/* Begin PBXSourcesBuildPhase section */
		F7AEE465273FEB7900C304D0 /* Sources */ = {
			isa = PBXSourcesBuildPhase;
			buildActionMask = 2147483647;
			files = (
				F79C97322746CCA3001BD5F8 /* LFContentModel.m in Sources */,
				F7997CD2276FBAE700DFCC19 /* VideosDataController.swift in Sources */,
				F7EF67922747E41F00A2A8DD /* NSDictionary+LF.m in Sources */,
				F79C972D2746CCA3001BD5F8 /* LFPersonModel.m in Sources */,
				F711A4BE2745A94E00E1515D /* LFApiVideos.m in Sources */,
				F73459DA2765F98B00E45725 /* TemplateTableViewController.swift in Sources */,
				F7997CCE276F933000DFCC19 /* VideosTableViewController.swift in Sources */,
				F79C97342746CCA3001BD5F8 /* LFVideoContentItemModel.m in Sources */,
				F711A4BF2745A94E00E1515D /* LFApiNews.m in Sources */,
				F73459E0276647ED00E45725 /* TemplateDataController.swift in Sources */,
				F7AEE46D273FEB7900C304D0 /* AppDelegate.swift in Sources */,
				F79C97382746CCA3001BD5F8 /* LFNewsModel.m in Sources */,
				F7AEE482273FF32400C304D0 /* TabBarRootController.swift in Sources */,
				F73CEF5727494FD40011AE04 /* TVSeriesTableViewController.swift in Sources */,
				F7EC8A9C2754B567005C6D81 /* DataControllerDelegate.swift in Sources */,
				F79C972F2746CCA3001BD5F8 /* LFSeasonModel.m in Sources */,
				F79C973A2746CCA3001BD5F8 /* LFJsonObject.m in Sources */,
				F7355EED2772414200B42B0F /* NewEpisodeViewCell.swift in Sources */,
				F7355EF42772584E00B42B0F /* NewEpisodesTableViewController.swift in Sources */,
				F7355EF22772571200B42B0F /* NewEpisodesDataController.swift in Sources */,
				F73459DC276610F000E45725 /* CellConfigurable.swift in Sources */,
				F79C97392746CCA3001BD5F8 /* LFPhotoModel.m in Sources */,
				F711A4BC2745A94E00E1515D /* LFApiSeries.m in Sources */,
				F711A4C02745A94E00E1515D /* LFApiBase.m in Sources */,
				F79C97372746CCA3001BD5F8 /* LFPhotoListContentItemModel.m in Sources */,
				F73459E227664D6400E45725 /* DataModelQueryable.swift in Sources */,
				F79C97302746CCA3001BD5F8 /* LFVideoModel.m in Sources */,
				F79C97332746CCA3001BD5F8 /* LFContentItemModel.m in Sources */,
				F79C97352746CCA3001BD5F8 /* LFLinkContentItemModel.m in Sources */,
				F7EF678E2747DB3600A2A8DD /* NSError+LF.m in Sources */,
				F79C972C2746CCA3001BD5F8 /* LFSeriesModel.m in Sources */,
				F79C97362746CCA3001BD5F8 /* LFTextContentItemModel.m in Sources */,
				F79C972E2746CCA3001BD5F8 /* LFEpisodeModel.m in Sources */,
				F7551D29274D88CF00E1748E /* SeriesViewCell.swift in Sources */,
				F77300D62773BB0B007FF03B /* ScheduleDataController.swift in Sources */,
				F7997CD0276F93BA00DFCC19 /* VideoViewCell.swift in Sources */,
				F7B2DB90274A82250099CF29 /* TVSeriesDataController.swift in Sources */,
				F7B2DB96274AA3E60099CF29 /* LFApplicationHelper.swift in Sources */,
				F7997CCA276DF70700DFCC19 /* NewsDataController.swift in Sources */,
				F76D9CD727691CC2008D8CA4 /* NewsTableViewController.swift in Sources */,
				F7355EF02772523C00B42B0F /* Util.swift in Sources */,
				F7C4EE842753E222006B5961 /* NSURLRequest+LF.m in Sources */,
				F79C97312746CCA3001BD5F8 /* LFAttributedTextContentItemModel.m in Sources */,
				F79C972B2746CCA3001BD5F8 /* LFSeriesFilterModel.m in Sources */,
				F7AEE46F273FEB7900C304D0 /* SceneDelegate.swift in Sources */,
				F76D9CDA27691D12008D8CA4 /* NewsViewCell.swift in Sources */,
				F711A4BD2745A94E00E1515D /* LFApiHelper.m in Sources */,
				F79C972A2746CCA3001BD5F8 /* LFSeriesFilterBaseModel.m in Sources */,
			);
			runOnlyForDeploymentPostprocessing = 0;
		};
/* End PBXSourcesBuildPhase section */

/* Begin PBXVariantGroup section */
		F7839838274017840025A6B5 /* Localizable.strings */ = {
			isa = PBXVariantGroup;
			children = (
				F7839837274017840025A6B5 /* en */,
				F7839839274017870025A6B5 /* ru */,
			);
			name = Localizable.strings;
			sourceTree = "<group>";
		};
		F7AEE477273FEB7A00C304D0 /* LaunchScreen.storyboard */ = {
			isa = PBXVariantGroup;
			children = (
				F7AEE478273FEB7A00C304D0 /* Base */,
				F7839833274015FF0025A6B5 /* ru */,
			);
			name = LaunchScreen.storyboard;
			sourceTree = "<group>";
		};
/* End PBXVariantGroup section */

/* Begin XCBuildConfiguration section */
		F7AEE47B273FEB7A00C304D0 /* Debug */ = {
			isa = XCBuildConfiguration;
			buildSettings = {
				ALWAYS_SEARCH_USER_PATHS = NO;
				CLANG_ANALYZER_LOCALIZABILITY_NONLOCALIZED = YES;
				CLANG_ANALYZER_NONNULL = YES;
				CLANG_ANALYZER_NUMBER_OBJECT_CONVERSION = YES_AGGRESSIVE;
				CLANG_CXX_LANGUAGE_STANDARD = "gnu++17";
				CLANG_CXX_LIBRARY = "libc++";
				CLANG_ENABLE_MODULES = YES;
				CLANG_ENABLE_OBJC_ARC = YES;
				CLANG_ENABLE_OBJC_WEAK = YES;
				CLANG_WARN_BLOCK_CAPTURE_AUTORELEASING = YES;
				CLANG_WARN_BOOL_CONVERSION = YES;
				CLANG_WARN_COMMA = YES;
				CLANG_WARN_CONSTANT_CONVERSION = YES;
				CLANG_WARN_DEPRECATED_OBJC_IMPLEMENTATIONS = YES;
				CLANG_WARN_DIRECT_OBJC_ISA_USAGE = YES_ERROR;
				CLANG_WARN_DOCUMENTATION_COMMENTS = YES;
				CLANG_WARN_EMPTY_BODY = YES;
				CLANG_WARN_ENUM_CONVERSION = YES;
				CLANG_WARN_INFINITE_RECURSION = YES;
				CLANG_WARN_INT_CONVERSION = YES;
				CLANG_WARN_NON_LITERAL_NULL_CONVERSION = YES;
				CLANG_WARN_OBJC_IMPLICIT_RETAIN_SELF = YES;
				CLANG_WARN_OBJC_LITERAL_CONVERSION = YES;
				CLANG_WARN_OBJC_ROOT_CLASS = YES_ERROR;
				CLANG_WARN_QUOTED_INCLUDE_IN_FRAMEWORK_HEADER = YES;
				CLANG_WARN_RANGE_LOOP_ANALYSIS = YES;
				CLANG_WARN_STRICT_PROTOTYPES = YES;
				CLANG_WARN_SUSPICIOUS_MOVE = YES;
				CLANG_WARN_UNGUARDED_AVAILABILITY = YES_AGGRESSIVE;
				CLANG_WARN_UNREACHABLE_CODE = YES;
				CLANG_WARN__DUPLICATE_METHOD_MATCH = YES;
				COPY_PHASE_STRIP = NO;
				DEBUG_INFORMATION_FORMAT = dwarf;
				ENABLE_STRICT_OBJC_MSGSEND = YES;
				ENABLE_TESTABILITY = YES;
				GCC_C_LANGUAGE_STANDARD = gnu11;
				GCC_DYNAMIC_NO_PIC = NO;
				GCC_NO_COMMON_BLOCKS = YES;
				GCC_OPTIMIZATION_LEVEL = 0;
				GCC_PREPROCESSOR_DEFINITIONS = (
					"DEBUG=1",
					"$(inherited)",
				);
				GCC_WARN_64_TO_32_BIT_CONVERSION = YES;
				GCC_WARN_ABOUT_RETURN_TYPE = YES_ERROR;
				GCC_WARN_UNDECLARED_SELECTOR = YES;
				GCC_WARN_UNINITIALIZED_AUTOS = YES_AGGRESSIVE;
				GCC_WARN_UNUSED_FUNCTION = YES;
				GCC_WARN_UNUSED_VARIABLE = YES;
				IPHONEOS_DEPLOYMENT_TARGET = 12.0;
				MTL_ENABLE_DEBUG_INFO = INCLUDE_SOURCE;
				MTL_FAST_MATH = YES;
				ONLY_ACTIVE_ARCH = YES;
				SDKROOT = iphoneos;
				SWIFT_ACTIVE_COMPILATION_CONDITIONS = DEBUG;
				SWIFT_OBJC_BRIDGING_HEADER = "lostfilm/lostfilm-Bridging-Header.h";
				SWIFT_OPTIMIZATION_LEVEL = "-Onone";
				USER_HEADER_SEARCH_PATHS = "";
			};
			name = Debug;
		};
		F7AEE47C273FEB7A00C304D0 /* Release */ = {
			isa = XCBuildConfiguration;
			buildSettings = {
				ALWAYS_SEARCH_USER_PATHS = NO;
				CLANG_ANALYZER_LOCALIZABILITY_NONLOCALIZED = YES;
				CLANG_ANALYZER_NONNULL = YES;
				CLANG_ANALYZER_NUMBER_OBJECT_CONVERSION = YES_AGGRESSIVE;
				CLANG_CXX_LANGUAGE_STANDARD = "gnu++17";
				CLANG_CXX_LIBRARY = "libc++";
				CLANG_ENABLE_MODULES = YES;
				CLANG_ENABLE_OBJC_ARC = YES;
				CLANG_ENABLE_OBJC_WEAK = YES;
				CLANG_WARN_BLOCK_CAPTURE_AUTORELEASING = YES;
				CLANG_WARN_BOOL_CONVERSION = YES;
				CLANG_WARN_COMMA = YES;
				CLANG_WARN_CONSTANT_CONVERSION = YES;
				CLANG_WARN_DEPRECATED_OBJC_IMPLEMENTATIONS = YES;
				CLANG_WARN_DIRECT_OBJC_ISA_USAGE = YES_ERROR;
				CLANG_WARN_DOCUMENTATION_COMMENTS = YES;
				CLANG_WARN_EMPTY_BODY = YES;
				CLANG_WARN_ENUM_CONVERSION = YES;
				CLANG_WARN_INFINITE_RECURSION = YES;
				CLANG_WARN_INT_CONVERSION = YES;
				CLANG_WARN_NON_LITERAL_NULL_CONVERSION = YES;
				CLANG_WARN_OBJC_IMPLICIT_RETAIN_SELF = YES;
				CLANG_WARN_OBJC_LITERAL_CONVERSION = YES;
				CLANG_WARN_OBJC_ROOT_CLASS = YES_ERROR;
				CLANG_WARN_QUOTED_INCLUDE_IN_FRAMEWORK_HEADER = YES;
				CLANG_WARN_RANGE_LOOP_ANALYSIS = YES;
				CLANG_WARN_STRICT_PROTOTYPES = YES;
				CLANG_WARN_SUSPICIOUS_MOVE = YES;
				CLANG_WARN_UNGUARDED_AVAILABILITY = YES_AGGRESSIVE;
				CLANG_WARN_UNREACHABLE_CODE = YES;
				CLANG_WARN__DUPLICATE_METHOD_MATCH = YES;
				COPY_PHASE_STRIP = NO;
				DEBUG_INFORMATION_FORMAT = "dwarf-with-dsym";
				ENABLE_NS_ASSERTIONS = NO;
				ENABLE_STRICT_OBJC_MSGSEND = YES;
				GCC_C_LANGUAGE_STANDARD = gnu11;
				GCC_NO_COMMON_BLOCKS = YES;
				GCC_WARN_64_TO_32_BIT_CONVERSION = YES;
				GCC_WARN_ABOUT_RETURN_TYPE = YES_ERROR;
				GCC_WARN_UNDECLARED_SELECTOR = YES;
				GCC_WARN_UNINITIALIZED_AUTOS = YES_AGGRESSIVE;
				GCC_WARN_UNUSED_FUNCTION = YES;
				GCC_WARN_UNUSED_VARIABLE = YES;
				IPHONEOS_DEPLOYMENT_TARGET = 12.0;
				MTL_ENABLE_DEBUG_INFO = NO;
				MTL_FAST_MATH = YES;
				SDKROOT = iphoneos;
				SWIFT_COMPILATION_MODE = wholemodule;
				SWIFT_OBJC_BRIDGING_HEADER = "lostfilm/lostfilm-Bridging-Header.h";
				SWIFT_OPTIMIZATION_LEVEL = "-O";
				USER_HEADER_SEARCH_PATHS = "";
				VALIDATE_PRODUCT = YES;
			};
			name = Release;
		};
		F7AEE47E273FEB7A00C304D0 /* Debug */ = {
			isa = XCBuildConfiguration;
			baseConfigurationReference = D1F890FFE45D1767EFFAFC18 /* Pods-lostfilm.debug.xcconfig */;
			buildSettings = {
				APIServerURL = "https://www.lostfilm.tv/";
				ASSETCATALOG_COMPILER_APPICON_NAME = AppIcon;
				ASSETCATALOG_COMPILER_GLOBAL_ACCENT_COLOR_NAME = AccentColor;
				CODE_SIGN_IDENTITY = "iPhone Developer";
				CODE_SIGN_STYLE = Manual;
				CURRENT_PROJECT_VERSION = 1;
				DEVELOPMENT_TEAM = 6Q53JH268X;
				GENERATE_INFOPLIST_FILE = YES;
				INFOPLIST_FILE = lostfilm/Info.plist;
				INFOPLIST_KEY_UIApplicationSupportsIndirectInputEvents = YES;
				INFOPLIST_KEY_UILaunchStoryboardName = LaunchScreen;
				INFOPLIST_KEY_UISupportedInterfaceOrientations = UIInterfaceOrientationPortrait;
				INFOPLIST_KEY_UISupportedInterfaceOrientations_iPad = "UIInterfaceOrientationPortrait UIInterfaceOrientationPortraitUpsideDown UIInterfaceOrientationLandscapeLeft UIInterfaceOrientationLandscapeRight";
				INFOPLIST_KEY_UISupportedInterfaceOrientations_iPhone = "UIInterfaceOrientationPortrait UIInterfaceOrientationLandscapeLeft UIInterfaceOrientationLandscapeRight";
				IPHONEOS_DEPLOYMENT_TARGET = 12.0;
				LD_RUNPATH_SEARCH_PATHS = (
					"$(inherited)",
					"@executable_path/Frameworks",
				);
				MARKETING_VERSION = 1.0;
				PRODUCT_BUNDLE_IDENTIFIER = com.personal.lostfilm;
				PRODUCT_NAME = "$(TARGET_NAME)";
				PROVISIONING_PROFILE_SPECIFIER = "DV iOS Development";
				SWIFT_EMIT_LOC_STRINGS = YES;
				SWIFT_OBJC_BRIDGING_HEADER = "/Users/mikhail-lazarau/GitRepos/lostfilm/lostfilm/lostfilm/lostfilm-Bridging-Header.h";
				SWIFT_VERSION = 5.0;
				TARGETED_DEVICE_FAMILY = 1;
			};
			name = Debug;
		};
		F7AEE47F273FEB7A00C304D0 /* Release */ = {
			isa = XCBuildConfiguration;
			baseConfigurationReference = 6A4D4B45EEE09A9874051CB0 /* Pods-lostfilm.release.xcconfig */;
			buildSettings = {
				APIServerURL = "https://www.lostfilm.tv/";
				ASSETCATALOG_COMPILER_APPICON_NAME = AppIcon;
				ASSETCATALOG_COMPILER_GLOBAL_ACCENT_COLOR_NAME = AccentColor;
				CODE_SIGN_IDENTITY = "iPhone Developer";
				CODE_SIGN_STYLE = Manual;
				CURRENT_PROJECT_VERSION = 1;
				DEVELOPMENT_TEAM = 6Q53JH268X;
				GENERATE_INFOPLIST_FILE = YES;
				INFOPLIST_FILE = lostfilm/Info.plist;
				INFOPLIST_KEY_UIApplicationSupportsIndirectInputEvents = YES;
				INFOPLIST_KEY_UILaunchStoryboardName = LaunchScreen;
				INFOPLIST_KEY_UISupportedInterfaceOrientations = UIInterfaceOrientationPortrait;
				INFOPLIST_KEY_UISupportedInterfaceOrientations_iPad = "UIInterfaceOrientationPortrait UIInterfaceOrientationPortraitUpsideDown UIInterfaceOrientationLandscapeLeft UIInterfaceOrientationLandscapeRight";
				INFOPLIST_KEY_UISupportedInterfaceOrientations_iPhone = "UIInterfaceOrientationPortrait UIInterfaceOrientationLandscapeLeft UIInterfaceOrientationLandscapeRight";
				IPHONEOS_DEPLOYMENT_TARGET = 12.0;
				LD_RUNPATH_SEARCH_PATHS = (
					"$(inherited)",
					"@executable_path/Frameworks",
				);
				MARKETING_VERSION = 1.0;
				PRODUCT_BUNDLE_IDENTIFIER = com.personal.lostfilm;
				PRODUCT_NAME = "$(TARGET_NAME)";
				PROVISIONING_PROFILE_SPECIFIER = "DV iOS Development";
				SWIFT_EMIT_LOC_STRINGS = YES;
				SWIFT_OBJC_BRIDGING_HEADER = "/Users/mikhail-lazarau/GitRepos/lostfilm/lostfilm/lostfilm/lostfilm-Bridging-Header.h";
				SWIFT_VERSION = 5.0;
				TARGETED_DEVICE_FAMILY = 1;
			};
			name = Release;
		};
/* End XCBuildConfiguration section */

/* Begin XCConfigurationList section */
		F7AEE464273FEB7900C304D0 /* Build configuration list for PBXProject "lostfilm" */ = {
			isa = XCConfigurationList;
			buildConfigurations = (
				F7AEE47B273FEB7A00C304D0 /* Debug */,
				F7AEE47C273FEB7A00C304D0 /* Release */,
			);
			defaultConfigurationIsVisible = 0;
			defaultConfigurationName = Release;
		};
		F7AEE47D273FEB7A00C304D0 /* Build configuration list for PBXNativeTarget "lostfilm" */ = {
			isa = XCConfigurationList;
			buildConfigurations = (
				F7AEE47E273FEB7A00C304D0 /* Debug */,
				F7AEE47F273FEB7A00C304D0 /* Release */,
			);
			defaultConfigurationIsVisible = 0;
			defaultConfigurationName = Release;
		};
/* End XCConfigurationList section */
	};
	rootObject = F7AEE461273FEB7900C304D0 /* Project object */;
}
